// !$*UTF8*$!
{
	archiveVersion = 1;
	classes = {
	};
	objectVersion = 55;
	objects = {

/* Begin PBXBuildFile section */
		13FC17D228CBD3EC00498A59 /* AppDelegate.swift in Sources */ = {isa = PBXBuildFile; fileRef = 13FC17D128CBD3EC00498A59 /* AppDelegate.swift */; };
		13FC17D428CBD3EC00498A59 /* SceneDelegate.swift in Sources */ = {isa = PBXBuildFile; fileRef = 13FC17D328CBD3EC00498A59 /* SceneDelegate.swift */; };
		13FC17D628CBD3EC00498A59 /* ViewController.swift in Sources */ = {isa = PBXBuildFile; fileRef = 13FC17D528CBD3EC00498A59 /* ViewController.swift */; };
		13FC17D928CBD3EC00498A59 /* Main.storyboard in Resources */ = {isa = PBXBuildFile; fileRef = 13FC17D728CBD3EC00498A59 /* Main.storyboard */; };
		13FC17DB28CBD3F300498A59 /* Assets.xcassets in Resources */ = {isa = PBXBuildFile; fileRef = 13FC17DA28CBD3F300498A59 /* Assets.xcassets */; };
		13FC17DE28CBD3F300498A59 /* LaunchScreen.storyboard in Resources */ = {isa = PBXBuildFile; fileRef = 13FC17DC28CBD3F300498A59 /* LaunchScreen.storyboard */; };
/* End PBXBuildFile section */

/* Begin PBXFileReference section */
		13FC17CE28CBD3EC00498A59 /* Advanced-Design-Patterns-Swift.app */ = {isa = PBXFileReference; explicitFileType = wrapper.application; includeInIndex = 0; path = "Advanced-Design-Patterns-Swift.app"; sourceTree = BUILT_PRODUCTS_DIR; };
		13FC17D128CBD3EC00498A59 /* AppDelegate.swift */ = {isa = PBXFileReference; lastKnownFileType = sourcecode.swift; path = AppDelegate.swift; sourceTree = "<group>"; };
		13FC17D328CBD3EC00498A59 /* SceneDelegate.swift */ = {isa = PBXFileReference; lastKnownFileType = sourcecode.swift; path = SceneDelegate.swift; sourceTree = "<group>"; };
		13FC17D528CBD3EC00498A59 /* ViewController.swift */ = {isa = PBXFileReference; lastKnownFileType = sourcecode.swift; path = ViewController.swift; sourceTree = "<group>"; };
		13FC17D828CBD3EC00498A59 /* Base */ = {isa = PBXFileReference; lastKnownFileType = file.storyboard; name = Base; path = Base.lproj/Main.storyboard; sourceTree = "<group>"; };
		13FC17DA28CBD3F300498A59 /* Assets.xcassets */ = {isa = PBXFileReference; lastKnownFileType = folder.assetcatalog; path = Assets.xcassets; sourceTree = "<group>"; };
		13FC17DD28CBD3F300498A59 /* Base */ = {isa = PBXFileReference; lastKnownFileType = file.storyboard; name = Base; path = Base.lproj/LaunchScreen.storyboard; sourceTree = "<group>"; };
		13FC17DF28CBD3F300498A59 /* Info.plist */ = {isa = PBXFileReference; lastKnownFileType = text.plist.xml; path = Info.plist; sourceTree = "<group>"; };
/* End PBXFileReference section */

/* Begin PBXFrameworksBuildPhase section */
		13FC17CB28CBD3EC00498A59 /* Frameworks */ = {
			isa = PBXFrameworksBuildPhase;
			buildActionMask = 2147483647;
			files = (
			);
			runOnlyForDeploymentPostprocessing = 0;
		};
/* End PBXFrameworksBuildPhase section */

/* Begin PBXGroup section */
		13FC17C528CBD3EC00498A59 = {
			isa = PBXGroup;
			children = (
				13FC17D028CBD3EC00498A59 /* Advanced-Design-Patterns-Swift */,
				13FC17CF28CBD3EC00498A59 /* Products */,
			);
			sourceTree = "<group>";
		};
		13FC17CF28CBD3EC00498A59 /* Products */ = {
			isa = PBXGroup;
			children = (
				13FC17CE28CBD3EC00498A59 /* Advanced-Design-Patterns-Swift.app */,
			);
			name = Products;
			sourceTree = "<group>";
		};
		13FC17D028CBD3EC00498A59 /* Advanced-Design-Patterns-Swift */ = {
			isa = PBXGroup;
			children = (
				13FC17E628CBD44C00498A59 /* Modules */,
				13FC17E928CBD46B00498A59 /* Resources */,
				13FC17E528CBD43B00498A59 /* Supports */,
			);
			path = "Advanced-Design-Patterns-Swift";
			sourceTree = "<group>";
		};
		13FC17E528CBD43B00498A59 /* Supports */ = {
			isa = PBXGroup;
			children = (
				13FC17DF28CBD3F300498A59 /* Info.plist */,
				13FC17D128CBD3EC00498A59 /* AppDelegate.swift */,
				13FC17D328CBD3EC00498A59 /* SceneDelegate.swift */,
			);
			path = Supports;
			sourceTree = "<group>";
		};
		13FC17E628CBD44C00498A59 /* Modules */ = {
			isa = PBXGroup;
			children = (
				13FC17E728CBD44F00498A59 /* Storyboards */,
				13FC17E828CBD46400498A59 /* ViewController */,
			);
			path = Modules;
			sourceTree = "<group>";
		};
		13FC17E728CBD44F00498A59 /* Storyboards */ = {
			isa = PBXGroup;
			children = (
				13FC17D728CBD3EC00498A59 /* Main.storyboard */,
				13FC17DC28CBD3F300498A59 /* LaunchScreen.storyboard */,
			);
			path = Storyboards;
			sourceTree = "<group>";
		};
		13FC17E828CBD46400498A59 /* ViewController */ = {
			isa = PBXGroup;
			children = (
				13FC17D528CBD3EC00498A59 /* ViewController.swift */,
			);
			path = ViewController;
			sourceTree = "<group>";
		};
		13FC17E928CBD46B00498A59 /* Resources */ = {
			isa = PBXGroup;
			children = (
				13FC17DA28CBD3F300498A59 /* Assets.xcassets */,
			);
			path = Resources;
			sourceTree = "<group>";
		};
/* End PBXGroup section */

/* Begin PBXNativeTarget section */
		13FC17CD28CBD3EC00498A59 /* Advanced-Design-Patterns-Swift */ = {
			isa = PBXNativeTarget;
			buildConfigurationList = 13FC17E228CBD3F300498A59 /* Build configuration list for PBXNativeTarget "Advanced-Design-Patterns-Swift" */;
			buildPhases = (
				13FC17CA28CBD3EC00498A59 /* Sources */,
				13FC17CB28CBD3EC00498A59 /* Frameworks */,
				13FC17CC28CBD3EC00498A59 /* Resources */,
			);
			buildRules = (
			);
			dependencies = (
			);
			name = "Advanced-Design-Patterns-Swift";
			productName = "Advanced-Design-Patterns-Swift";
			productReference = 13FC17CE28CBD3EC00498A59 /* Advanced-Design-Patterns-Swift.app */;
			productType = "com.apple.product-type.application";
		};
/* End PBXNativeTarget section */

/* Begin PBXProject section */
		13FC17C628CBD3EC00498A59 /* Project object */ = {
			isa = PBXProject;
			attributes = {
				BuildIndependentTargetsInParallel = 1;
				LastSwiftUpdateCheck = 1340;
				LastUpgradeCheck = 1340;
				TargetAttributes = {
					13FC17CD28CBD3EC00498A59 = {
						CreatedOnToolsVersion = 13.4.1;
					};
				};
			};
			buildConfigurationList = 13FC17C928CBD3EC00498A59 /* Build configuration list for PBXProject "Advanced-Design-Patterns-Swift" */;
			compatibilityVersion = "Xcode 13.0";
			developmentRegion = en;
			hasScannedForEncodings = 0;
			knownRegions = (
				en,
				Base,
			);
			mainGroup = 13FC17C528CBD3EC00498A59;
			productRefGroup = 13FC17CF28CBD3EC00498A59 /* Products */;
			projectDirPath = "";
			projectRoot = "";
			targets = (
				13FC17CD28CBD3EC00498A59 /* Advanced-Design-Patterns-Swift */,
			);
		};
/* End PBXProject section */

/* Begin PBXResourcesBuildPhase section */
		13FC17CC28CBD3EC00498A59 /* Resources */ = {
			isa = PBXResourcesBuildPhase;
			buildActionMask = 2147483647;
			files = (
				13FC17DE28CBD3F300498A59 /* LaunchScreen.storyboard in Resources */,
				13FC17DB28CBD3F300498A59 /* Assets.xcassets in Resources */,
				13FC17D928CBD3EC00498A59 /* Main.storyboard in Resources */,
			);
			runOnlyForDeploymentPostprocessing = 0;
		};
/* End PBXResourcesBuildPhase section */

/* Begin PBXSourcesBuildPhase section */
		13FC17CA28CBD3EC00498A59 /* Sources */ = {
			isa = PBXSourcesBuildPhase;
			buildActionMask = 2147483647;
			files = (
				13FC17D628CBD3EC00498A59 /* ViewController.swift in Sources */,
				13FC17D228CBD3EC00498A59 /* AppDelegate.swift in Sources */,
				13FC17D428CBD3EC00498A59 /* SceneDelegate.swift in Sources */,
			);
			runOnlyForDeploymentPostprocessing = 0;
		};
/* End PBXSourcesBuildPhase section */

/* Begin PBXVariantGroup section */
		13FC17D728CBD3EC00498A59 /* Main.storyboard */ = {
			isa = PBXVariantGroup;
			children = (
				13FC17D828CBD3EC00498A59 /* Base */,
			);
			name = Main.storyboard;
			sourceTree = "<group>";
		};
		13FC17DC28CBD3F300498A59 /* LaunchScreen.storyboard */ = {
			isa = PBXVariantGroup;
			children = (
				13FC17DD28CBD3F300498A59 /* Base */,
			);
			name = LaunchScreen.storyboard;
			sourceTree = "<group>";
		};
/* End PBXVariantGroup section */

/* Begin XCBuildConfiguration section */
		13FC17E028CBD3F300498A59 /* Debug */ = {
			isa = XCBuildConfiguration;
			buildSettings = {
				ALWAYS_SEARCH_USER_PATHS = NO;
				CLANG_ANALYZER_NONNULL = YES;
				CLANG_ANALYZER_NUMBER_OBJECT_CONVERSION = YES_AGGRESSIVE;
				CLANG_CXX_LANGUAGE_STANDARD = "gnu++17";
				CLANG_ENABLE_MODULES = YES;
				CLANG_ENABLE_OBJC_ARC = YES;
				CLANG_ENABLE_OBJC_WEAK = YES;
				CLANG_WARN_BLOCK_CAPTURE_AUTORELEASING = YES;
				CLANG_WARN_BOOL_CONVERSION = YES;
				CLANG_WARN_COMMA = YES;
				CLANG_WARN_CONSTANT_CONVERSION = YES;
				CLANG_WARN_DEPRECATED_OBJC_IMPLEMENTATIONS = YES;
				CLANG_WARN_DIRECT_OBJC_ISA_USAGE = YES_ERROR;
				CLANG_WARN_DOCUMENTATION_COMMENTS = YES;
				CLANG_WARN_EMPTY_BODY = YES;
				CLANG_WARN_ENUM_CONVERSION = YES;
				CLANG_WARN_INFINITE_RECURSION = YES;
				CLANG_WARN_INT_CONVERSION = YES;
				CLANG_WARN_NON_LITERAL_NULL_CONVERSION = YES;
				CLANG_WARN_OBJC_IMPLICIT_RETAIN_SELF = YES;
				CLANG_WARN_OBJC_LITERAL_CONVERSION = YES;
				CLANG_WARN_OBJC_ROOT_CLASS = YES_ERROR;
				CLANG_WARN_QUOTED_INCLUDE_IN_FRAMEWORK_HEADER = YES;
				CLANG_WARN_RANGE_LOOP_ANALYSIS = YES;
				CLANG_WARN_STRICT_PROTOTYPES = YES;
				CLANG_WARN_SUSPICIOUS_MOVE = YES;
				CLANG_WARN_UNGUARDED_AVAILABILITY = YES_AGGRESSIVE;
				CLANG_WARN_UNREACHABLE_CODE = YES;
				CLANG_WARN__DUPLICATE_METHOD_MATCH = YES;
				COPY_PHASE_STRIP = NO;
				DEBUG_INFORMATION_FORMAT = dwarf;
				ENABLE_STRICT_OBJC_MSGSEND = YES;
				ENABLE_TESTABILITY = YES;
				GCC_C_LANGUAGE_STANDARD = gnu11;
				GCC_DYNAMIC_NO_PIC = NO;
				GCC_NO_COMMON_BLOCKS = YES;
				GCC_OPTIMIZATION_LEVEL = 0;
				GCC_PREPROCESSOR_DEFINITIONS = (
					"DEBUG=1",
					"$(inherited)",
				);
				GCC_WARN_64_TO_32_BIT_CONVERSION = YES;
				GCC_WARN_ABOUT_RETURN_TYPE = YES_ERROR;
				GCC_WARN_UNDECLARED_SELECTOR = YES;
				GCC_WARN_UNINITIALIZED_AUTOS = YES_AGGRESSIVE;
				GCC_WARN_UNUSED_FUNCTION = YES;
				GCC_WARN_UNUSED_VARIABLE = YES;
				IPHONEOS_DEPLOYMENT_TARGET = 15.5;
				MTL_ENABLE_DEBUG_INFO = INCLUDE_SOURCE;
				MTL_FAST_MATH = YES;
				ONLY_ACTIVE_ARCH = YES;
				SDKROOT = iphoneos;
				SWIFT_ACTIVE_COMPILATION_CONDITIONS = DEBUG;
				SWIFT_OPTIMIZATION_LEVEL = "-Onone";
			};
			name = Debug;
		};
		13FC17E128CBD3F300498A59 /* Release */ = {
			isa = XCBuildConfiguration;
			buildSettings = {
				ALWAYS_SEARCH_USER_PATHS = NO;
				CLANG_ANALYZER_NONNULL = YES;
				CLANG_ANALYZER_NUMBER_OBJECT_CONVERSION = YES_AGGRESSIVE;
				CLANG_CXX_LANGUAGE_STANDARD = "gnu++17";
				CLANG_ENABLE_MODULES = YES;
				CLANG_ENABLE_OBJC_ARC = YES;
				CLANG_ENABLE_OBJC_WEAK = YES;
				CLANG_WARN_BLOCK_CAPTURE_AUTORELEASING = YES;
				CLANG_WARN_BOOL_CONVERSION = YES;
				CLANG_WARN_COMMA = YES;
				CLANG_WARN_CONSTANT_CONVERSION = YES;
				CLANG_WARN_DEPRECATED_OBJC_IMPLEMENTATIONS = YES;
				CLANG_WARN_DIRECT_OBJC_ISA_USAGE = YES_ERROR;
				CLANG_WARN_DOCUMENTATION_COMMENTS = YES;
				CLANG_WARN_EMPTY_BODY = YES;
				CLANG_WARN_ENUM_CONVERSION = YES;
				CLANG_WARN_INFINITE_RECURSION = YES;
				CLANG_WARN_INT_CONVERSION = YES;
				CLANG_WARN_NON_LITERAL_NULL_CONVERSION = YES;
				CLANG_WARN_OBJC_IMPLICIT_RETAIN_SELF = YES;
				CLANG_WARN_OBJC_LITERAL_CONVERSION = YES;
				CLANG_WARN_OBJC_ROOT_CLASS = YES_ERROR;
				CLANG_WARN_QUOTED_INCLUDE_IN_FRAMEWORK_HEADER = YES;
				CLANG_WARN_RANGE_LOOP_ANALYSIS = YES;
				CLANG_WARN_STRICT_PROTOTYPES = YES;
				CLANG_WARN_SUSPICIOUS_MOVE = YES;
				CLANG_WARN_UNGUARDED_AVAILABILITY = YES_AGGRESSIVE;
				CLANG_WARN_UNREACHABLE_CODE = YES;
				CLANG_WARN__DUPLICATE_METHOD_MATCH = YES;
				COPY_PHASE_STRIP = NO;
				DEBUG_INFORMATION_FORMAT = "dwarf-with-dsym";
				ENABLE_NS_ASSERTIONS = NO;
				ENABLE_STRICT_OBJC_MSGSEND = YES;
				GCC_C_LANGUAGE_STANDARD = gnu11;
				GCC_NO_COMMON_BLOCKS = YES;
				GCC_WARN_64_TO_32_BIT_CONVERSION = YES;
				GCC_WARN_ABOUT_RETURN_TYPE = YES_ERROR;
				GCC_WARN_UNDECLARED_SELECTOR = YES;
				GCC_WARN_UNINITIALIZED_AUTOS = YES_AGGRESSIVE;
				GCC_WARN_UNUSED_FUNCTION = YES;
				GCC_WARN_UNUSED_VARIABLE = YES;
				IPHONEOS_DEPLOYMENT_TARGET = 15.5;
				MTL_ENABLE_DEBUG_INFO = NO;
				MTL_FAST_MATH = YES;
				SDKROOT = iphoneos;
				SWIFT_COMPILATION_MODE = wholemodule;
				SWIFT_OPTIMIZATION_LEVEL = "-O";
				VALIDATE_PRODUCT = YES;
			};
			name = Release;
		};
		13FC17E328CBD3F300498A59 /* Debug */ = {
			isa = XCBuildConfiguration;
			buildSettings = {
				ASSETCATALOG_COMPILER_APPICON_NAME = AppIcon;
				ASSETCATALOG_COMPILER_GLOBAL_ACCENT_COLOR_NAME = AccentColor;
				CODE_SIGN_STYLE = Automatic;
				CURRENT_PROJECT_VERSION = 1;
				DEVELOPMENT_TEAM = RMTY324S26;
				GENERATE_INFOPLIST_FILE = YES;
				INFOPLIST_FILE = "Advanced-Design-Patterns-Swift/Supports/Info.plist";
				INFOPLIST_KEY_UIApplicationSupportsIndirectInputEvents = YES;
				INFOPLIST_KEY_UILaunchStoryboardName = LaunchScreen;
				INFOPLIST_KEY_UIMainStoryboardFile = Main;
				INFOPLIST_KEY_UISupportedInterfaceOrientations_iPad = "UIInterfaceOrientationPortrait UIInterfaceOrientationPortraitUpsideDown UIInterfaceOrientationLandscapeLeft UIInterfaceOrientationLandscapeRight";
				INFOPLIST_KEY_UISupportedInterfaceOrientations_iPhone = "UIInterfaceOrientationPortrait UIInterfaceOrientationLandscapeLeft UIInterfaceOrientationLandscapeRight";
				LD_RUNPATH_SEARCH_PATHS = (
					"$(inherited)",
					"@executable_path/Frameworks",
				);
				MARKETING_VERSION = 1.0;
				PRODUCT_BUNDLE_IDENTIFIER = "com.bugrayenidunya.Advanced-Design-Patterns-Swift";
				PRODUCT_NAME = "$(TARGET_NAME)";
				SWIFT_EMIT_LOC_STRINGS = YES;
				SWIFT_VERSION = 5.0;
				TARGETED_DEVICE_FAMILY = "1,2";
			};
			name = Debug;
		};
		13FC17E428CBD3F300498A59 /* Release */ = {
			isa = XCBuildConfiguration;
			buildSettings = {
				ASSETCATALOG_COMPILER_APPICON_NAME = AppIcon;
				ASSETCATALOG_COMPILER_GLOBAL_ACCENT_COLOR_NAME = AccentColor;
				CODE_SIGN_STYLE = Automatic;
				CURRENT_PROJECT_VERSION = 1;
				DEVELOPMENT_TEAM = RMTY324S26;
				GENERATE_INFOPLIST_FILE = YES;
				INFOPLIST_FILE = "Advanced-Design-Patterns-Swift/Supports/Info.plist";
				INFOPLIST_KEY_UIApplicationSupportsIndirectInputEvents = YES;
				INFOPLIST_KEY_UILaunchStoryboardName = LaunchScreen;
				INFOPLIST_KEY_UIMainStoryboardFile = Main;
				INFOPLIST_KEY_UISupportedInterfaceOrientations_iPad = "UIInterfaceOrientationPortrait UIInterfaceOrientationPortraitUpsideDown UIInterfaceOrientationLandscapeLeft UIInterfaceOrientationLandscapeRight";
				INFOPLIST_KEY_UISupportedInterfaceOrientations_iPhone = "UIInterfaceOrientationPortrait UIInterfaceOrientationLandscapeLeft UIInterfaceOrientationLandscapeRight";
				LD_RUNPATH_SEARCH_PATHS = (
					"$(inherited)",
					"@executable_path/Frameworks",
				);
				MARKETING_VERSION = 1.0;
				PRODUCT_BUNDLE_IDENTIFIER = "com.bugrayenidunya.Advanced-Design-Patterns-Swift";
				PRODUCT_NAME = "$(TARGET_NAME)";
				SWIFT_EMIT_LOC_STRINGS = YES;
				SWIFT_VERSION = 5.0;
				TARGETED_DEVICE_FAMILY = "1,2";
			};
			name = Release;
		};
/* End XCBuildConfiguration section */

/* Begin XCConfigurationList section */
		13FC17C928CBD3EC00498A59 /* Build configuration list for PBXProject "Advanced-Design-Patterns-Swift" */ = {
			isa = XCConfigurationList;
			buildConfigurations = (
				13FC17E028CBD3F300498A59 /* Debug */,
				13FC17E128CBD3F300498A59 /* Release */,
			);
			defaultConfigurationIsVisible = 0;
			defaultConfigurationName = Release;
		};
		13FC17E228CBD3F300498A59 /* Build configuration list for PBXNativeTarget "Advanced-Design-Patterns-Swift" */ = {
			isa = XCConfigurationList;
			buildConfigurations = (
				13FC17E328CBD3F300498A59 /* Debug */,
				13FC17E428CBD3F300498A59 /* Release */,
			);
			defaultConfigurationIsVisible = 0;
			defaultConfigurationName = Release;
		};
/* End XCConfigurationList section */
	};
	rootObject = 13FC17C628CBD3EC00498A59 /* Project object */;
}
